PODS:
  - Apollo (0.45.0):
    - Apollo/Core (= 0.45.0)
  - Apollo/Core (0.45.0)
  - Realm (10.10.0):
    - Realm/Headers (= 10.10.0)
  - Realm/Headers (10.10.0)
  - RealmSwift (10.10.0):
    - Realm (= 10.10.0)
  - SVProgressHUD (2.2.5)

DEPENDENCIES:
  - Apollo
  - RealmSwift
  - SVProgressHUD

SPEC REPOS:
  trunk:
    - Apollo
    - Realm
    - RealmSwift
    - SVProgressHUD

SPEC CHECKSUMS:
  Apollo: 241254e8b26f49dc180e3be848f0b3fc5699e6f4
  Realm: f501df41a4222c67850c77cf135d472192ecf294
  RealmSwift: c69aadfc7db0d60075178d037c2f34ada73d5201
  SVProgressHUD: 1428aafac632c1f86f62aa4243ec12008d7a51d6

PODFILE CHECKSUM: 4c384f6e78e34f34a9b352daa7ce42efd5c45ad6

COCOAPODS: 1.10.1
